
Microsoft Visual Studio Solution File, Format Version 12.00
# Visual Studio Version 16
VisualStudioVersion = 16.0.29728.190
MinimumVisualStudioVersion = 10.0.40219.1
Project("{9A19103F-16F7-4668-BE54-9A1E7A4F7556}") = "Series1", "Series1\Series1.csproj", "{EDD513A2-A501-492B-9B6B-21BF5FEE396F}"
EndProject
Project("{9A19103F-16F7-4668-BE54-9A1E7A4F7556}") = "Series1Tests", "Series1Tests\Series1Tests.csproj", "{3D838171-2E56-470B-9F1C-9BB7296CAC9C}"
EndProject
Project("{FAE04EC0-301F-11D3-BF4B-00C04F79EFBC}") = "CrossCutting", "CrossCutting\CrossCutting.csproj", "{B91A5F01-5A68-4052-86D5-07E261321C89}"
EndProject
Global
	GlobalSection(SolutionConfigurationPlatforms) = preSolution
		Debug|Any CPU = Debug|Any CPU
		Release|Any CPU = Release|Any CPU
	EndGlobalSection
	GlobalSection(ProjectConfigurationPlatforms) = postSolution
		{EDD513A2-A501-492B-9B6B-21BF5FEE396F}.Debug|Any CPU.ActiveCfg = Debug|Any CPU
		{EDD513A2-A501-492B-9B6B-21BF5FEE396F}.Debug|Any CPU.Build.0 = Debug|Any CPU
		{EDD513A2-A501-492B-9B6B-21BF5FEE396F}.Release|Any CPU.ActiveCfg = Release|Any CPU
		{EDD513A2-A501-492B-9B6B-21BF5FEE396F}.Release|Any CPU.Build.0 = Release|Any CPU
		{3D838171-2E56-470B-9F1C-9BB7296CAC9C}.Debug|Any CPU.ActiveCfg = Debug|Any CPU
		{3D838171-2E56-470B-9F1C-9BB7296CAC9C}.Debug|Any CPU.Build.0 = Debug|Any CPU
		{3D838171-2E56-470B-9F1C-9BB7296CAC9C}.Release|Any CPU.ActiveCfg = Release|Any CPU
		{3D838171-2E56-470B-9F1C-9BB7296CAC9C}.Release|Any CPU.Build.0 = Release|Any CPU
		{B91A5F01-5A68-4052-86D5-07E261321C89}.Debug|Any CPU.ActiveCfg = Debug|Any CPU
		{B91A5F01-5A68-4052-86D5-07E261321C89}.Debug|Any CPU.Build.0 = Debug|Any CPU
		{B91A5F01-5A68-4052-86D5-07E261321C89}.Release|Any CPU.ActiveCfg = Release|Any CPU
		{B91A5F01-5A68-4052-86D5-07E261321C89}.Release|Any CPU.Build.0 = Release|Any CPU
	EndGlobalSection
	GlobalSection(SolutionProperties) = preSolution
		HideSolutionNode = FALSE
	EndGlobalSection
	GlobalSection(ExtensibilityGlobals) = postSolution
		SolutionGuid = {95B11C6D-9C24-4D9C-BFDA-90D6819A4253}
	EndGlobalSection
EndGlobal
